
Microsoft Visual Studio Solution File, Format Version 12.00
# Visual Studio Version 17
VisualStudioVersion = 17.11.35431.28
MinimumVisualStudioVersion = 10.0.40219.1
Project("{FAE04EC0-301F-11D3-BF4B-00C04F79EFBC}") = "WorldCitiesAPIClientSite", "WorldCitiesAPIClientSite.csproj", "{77DA5A22-FDD3-4678-8E42-E5EAA11E00C6}"
EndProject
Global
	GlobalSection(SolutionConfigurationPlatforms) = preSolution
		Debug|Any CPU = Debug|Any CPU
		Release|Any CPU = Release|Any CPU
	EndGlobalSection
	GlobalSection(ProjectConfigurationPlatforms) = postSolution
		{77DA5A22-FDD3-4678-8E42-E5EAA11E00C6}.Debug|Any CPU.ActiveCfg = Debug|Any CPU
		{77DA5A22-FDD3-4678-8E42-E5EAA11E00C6}.Debug|Any CPU.Build.0 = Debug|Any CPU
		{77DA5A22-FDD3-4678-8E42-E5EAA11E00C6}.Release|Any CPU.ActiveCfg = Release|Any CPU
		{77DA5A22-FDD3-4678-8E42-E5EAA11E00C6}.Release|Any CPU.Build.0 = Release|Any CPU
	EndGlobalSection
	GlobalSection(SolutionProperties) = preSolution
		HideSolutionNode = FALSE
	EndGlobalSection
	GlobalSection(ExtensibilityGlobals) = postSolution
		SolutionGuid = {B59CC929-0E84-4537-BCD6-474F720EC4BE}
	EndGlobalSection
EndGlobal
